
Microsoft Visual Studio Solution File, Format Version 12.00
Project("{FAE04EC0-301F-11D3-BF4B-00C04F79EFBC}") = "ConsoleApp1", "ConsoleApp1\ConsoleApp1.csproj", "{90CA2BD4-23DD-4947-B5E1-9D8C18E4128C}"
EndProject
Project("{FAE04EC0-301F-11D3-BF4B-00C04F79EFBC}") = "hackername", "hackername\hackername.csproj", "{4C3098F2-19C8-4867-94FA-138071F51691}"
EndProject
Project("{FAE04EC0-301F-11D3-BF4B-00C04F79EFBC}") = "02UnderstandingTypes", "02UnderstandingTypes\02UnderstandingTypes.csproj", "{4F44DAE5-65C8-40D1-81A6-CC820F98A73B}"
EndProject
Project("{FAE04EC0-301F-11D3-BF4B-00C04F79EFBC}") = "convertcenturies", "convertcenturies\convertcenturies.csproj", "{0488FA8C-18F0-4D91-9868-6CAC2B80F227}"
EndProject
Project("{FAE04EC0-301F-11D3-BF4B-00C04F79EFBC}") = "Chapter03", "Chapter03\Chapter03.csproj", "{3E4A8AF2-5C3C-4360-827D-038F333DA26E}"
EndProject
Project("{FAE04EC0-301F-11D3-BF4B-00C04F79EFBC}") = "guessthenumber", "guessthenumber\guessthenumber.csproj", "{34129B7C-53DB-4F39-9231-137E322A4A77}"
EndProject
Project("{FAE04EC0-301F-11D3-BF4B-00C04F79EFBC}") = "PrintaPyramid", "PrintaPyramid\PrintaPyramid.csproj", "{609E348F-A09A-4252-8237-89EFD92E682D}"
EndProject
Project("{FAE04EC0-301F-11D3-BF4B-00C04F79EFBC}") = "calculateage", "calculateage\calculateage.csproj", "{19DB9F66-E695-435E-9368-FA4C7A182F12}"
EndProject
Project("{FAE04EC0-301F-11D3-BF4B-00C04F79EFBC}") = "greetingsofthe day", "greetingsofthe day\greetingsofthe day.csproj", "{71AD7B28-3781-4CE0-AFB8-8F760B543E17}"
EndProject
Project("{FAE04EC0-301F-11D3-BF4B-00C04F79EFBC}") = "countthenumers", "countthenumers\countthenumers.csproj", "{B0E97F69-E72C-42AC-8C63-9D25404B8AAE}"
EndProject
Global
	GlobalSection(SolutionConfigurationPlatforms) = preSolution
		Debug|Any CPU = Debug|Any CPU
		Release|Any CPU = Release|Any CPU
	EndGlobalSection
	GlobalSection(ProjectConfigurationPlatforms) = postSolution
		{90CA2BD4-23DD-4947-B5E1-9D8C18E4128C}.Debug|Any CPU.ActiveCfg = Debug|Any CPU
		{90CA2BD4-23DD-4947-B5E1-9D8C18E4128C}.Debug|Any CPU.Build.0 = Debug|Any CPU
		{90CA2BD4-23DD-4947-B5E1-9D8C18E4128C}.Release|Any CPU.ActiveCfg = Release|Any CPU
		{90CA2BD4-23DD-4947-B5E1-9D8C18E4128C}.Release|Any CPU.Build.0 = Release|Any CPU
		{4C3098F2-19C8-4867-94FA-138071F51691}.Debug|Any CPU.ActiveCfg = Debug|Any CPU
		{4C3098F2-19C8-4867-94FA-138071F51691}.Debug|Any CPU.Build.0 = Debug|Any CPU
		{4C3098F2-19C8-4867-94FA-138071F51691}.Release|Any CPU.ActiveCfg = Release|Any CPU
		{4C3098F2-19C8-4867-94FA-138071F51691}.Release|Any CPU.Build.0 = Release|Any CPU
		{4F44DAE5-65C8-40D1-81A6-CC820F98A73B}.Debug|Any CPU.ActiveCfg = Debug|Any CPU
		{4F44DAE5-65C8-40D1-81A6-CC820F98A73B}.Debug|Any CPU.Build.0 = Debug|Any CPU
		{4F44DAE5-65C8-40D1-81A6-CC820F98A73B}.Release|Any CPU.ActiveCfg = Release|Any CPU
		{4F44DAE5-65C8-40D1-81A6-CC820F98A73B}.Release|Any CPU.Build.0 = Release|Any CPU
		{0488FA8C-18F0-4D91-9868-6CAC2B80F227}.Debug|Any CPU.ActiveCfg = Debug|Any CPU
		{0488FA8C-18F0-4D91-9868-6CAC2B80F227}.Debug|Any CPU.Build.0 = Debug|Any CPU
		{0488FA8C-18F0-4D91-9868-6CAC2B80F227}.Release|Any CPU.ActiveCfg = Release|Any CPU
		{0488FA8C-18F0-4D91-9868-6CAC2B80F227}.Release|Any CPU.Build.0 = Release|Any CPU
		{3E4A8AF2-5C3C-4360-827D-038F333DA26E}.Debug|Any CPU.ActiveCfg = Debug|Any CPU
		{3E4A8AF2-5C3C-4360-827D-038F333DA26E}.Debug|Any CPU.Build.0 = Debug|Any CPU
		{3E4A8AF2-5C3C-4360-827D-038F333DA26E}.Release|Any CPU.ActiveCfg = Release|Any CPU
		{3E4A8AF2-5C3C-4360-827D-038F333DA26E}.Release|Any CPU.Build.0 = Release|Any CPU
		{34129B7C-53DB-4F39-9231-137E322A4A77}.Debug|Any CPU.ActiveCfg = Debug|Any CPU
		{34129B7C-53DB-4F39-9231-137E322A4A77}.Debug|Any CPU.Build.0 = Debug|Any CPU
		{34129B7C-53DB-4F39-9231-137E322A4A77}.Release|Any CPU.ActiveCfg = Release|Any CPU
		{34129B7C-53DB-4F39-9231-137E322A4A77}.Release|Any CPU.Build.0 = Release|Any CPU
		{609E348F-A09A-4252-8237-89EFD92E682D}.Debug|Any CPU.ActiveCfg = Debug|Any CPU
		{609E348F-A09A-4252-8237-89EFD92E682D}.Debug|Any CPU.Build.0 = Debug|Any CPU
		{609E348F-A09A-4252-8237-89EFD92E682D}.Release|Any CPU.ActiveCfg = Release|Any CPU
		{609E348F-A09A-4252-8237-89EFD92E682D}.Release|Any CPU.Build.0 = Release|Any CPU
		{19DB9F66-E695-435E-9368-FA4C7A182F12}.Debug|Any CPU.ActiveCfg = Debug|Any CPU
		{19DB9F66-E695-435E-9368-FA4C7A182F12}.Debug|Any CPU.Build.0 = Debug|Any CPU
		{19DB9F66-E695-435E-9368-FA4C7A182F12}.Release|Any CPU.ActiveCfg = Release|Any CPU
		{19DB9F66-E695-435E-9368-FA4C7A182F12}.Release|Any CPU.Build.0 = Release|Any CPU
		{71AD7B28-3781-4CE0-AFB8-8F760B543E17}.Debug|Any CPU.ActiveCfg = Debug|Any CPU
		{71AD7B28-3781-4CE0-AFB8-8F760B543E17}.Debug|Any CPU.Build.0 = Debug|Any CPU
		{71AD7B28-3781-4CE0-AFB8-8F760B543E17}.Release|Any CPU.ActiveCfg = Release|Any CPU
		{71AD7B28-3781-4CE0-AFB8-8F760B543E17}.Release|Any CPU.Build.0 = Release|Any CPU
		{B0E97F69-E72C-42AC-8C63-9D25404B8AAE}.Debug|Any CPU.ActiveCfg = Debug|Any CPU
		{B0E97F69-E72C-42AC-8C63-9D25404B8AAE}.Debug|Any CPU.Build.0 = Debug|Any CPU
		{B0E97F69-E72C-42AC-8C63-9D25404B8AAE}.Release|Any CPU.ActiveCfg = Release|Any CPU
		{B0E97F69-E72C-42AC-8C63-9D25404B8AAE}.Release|Any CPU.Build.0 = Release|Any CPU
	EndGlobalSection
EndGlobal
