
Microsoft Visual Studio Solution File, Format Version 12.00
Project("{FAE04EC0-301F-11D3-BF4B-00C04F79EFBC}") = "EntityFramework.Presentation", "EntityFramework.Presentation\EntityFramework.Presentation.csproj", "{6C03C4CA-E424-4103-AB52-0511B593D843}"
EndProject
Project("{FAE04EC0-301F-11D3-BF4B-00C04F79EFBC}") = "EntityFramework.Core", "EntityFramework.Core\EntityFramework.Core.csproj", "{EC646A1F-B69E-4048-A069-FC5CE6DB8C98}"
EndProject
Project("{FAE04EC0-301F-11D3-BF4B-00C04F79EFBC}") = "EntityFramework.Infrastructure", "EntityFramework.Infrastructure\EntityFramework.Infrastructure.csproj", "{72A357DC-4143-4724-B15C-826BD3103046}"
EndProject
Global
	GlobalSection(SolutionConfigurationPlatforms) = preSolution
		Debug|Any CPU = Debug|Any CPU
		Release|Any CPU = Release|Any CPU
	EndGlobalSection
	GlobalSection(ProjectConfigurationPlatforms) = postSolution
		{6C03C4CA-E424-4103-AB52-0511B593D843}.Debug|Any CPU.ActiveCfg = Debug|Any CPU
		{6C03C4CA-E424-4103-AB52-0511B593D843}.Debug|Any CPU.Build.0 = Debug|Any CPU
		{6C03C4CA-E424-4103-AB52-0511B593D843}.Release|Any CPU.ActiveCfg = Release|Any CPU
		{6C03C4CA-E424-4103-AB52-0511B593D843}.Release|Any CPU.Build.0 = Release|Any CPU
		{EC646A1F-B69E-4048-A069-FC5CE6DB8C98}.Debug|Any CPU.ActiveCfg = Debug|Any CPU
		{EC646A1F-B69E-4048-A069-FC5CE6DB8C98}.Debug|Any CPU.Build.0 = Debug|Any CPU
		{EC646A1F-B69E-4048-A069-FC5CE6DB8C98}.Release|Any CPU.ActiveCfg = Release|Any CPU
		{EC646A1F-B69E-4048-A069-FC5CE6DB8C98}.Release|Any CPU.Build.0 = Release|Any CPU
		{72A357DC-4143-4724-B15C-826BD3103046}.Debug|Any CPU.ActiveCfg = Debug|Any CPU
		{72A357DC-4143-4724-B15C-826BD3103046}.Debug|Any CPU.Build.0 = Debug|Any CPU
		{72A357DC-4143-4724-B15C-826BD3103046}.Release|Any CPU.ActiveCfg = Release|Any CPU
		{72A357DC-4143-4724-B15C-826BD3103046}.Release|Any CPU.Build.0 = Release|Any CPU
	EndGlobalSection
EndGlobal
